
Microsoft Visual Studio Solution File, Format Version 12.00
# Visual Studio Version 16
VisualStudioVersion = 16.0.29519.181
MinimumVisualStudioVersion = 15.0.26124.0
Project("{2150E333-8FDC-42A3-9474-1A3956D46DE8}") = "Ozone.Services.Merchant", "Ozone.Services.Merchant", "{381D302A-7E59-41ED-93BF-0838F1C703AB}"
EndProject
Project("{2150E333-8FDC-42A3-9474-1A3956D46DE8}") = "src", "src", "{3719EF28-A857-4F40-B4A1-308CF5162573}"
EndProject
Project("{2150E333-8FDC-42A3-9474-1A3956D46DE8}") = "tests", "tests", "{F8224C31-0AD3-4DD2-8BE1-18178A092B60}"
EndProject
Project("{9A19103F-16F7-4668-BE54-9A1E7A4F7556}") = "Ozone.Services.Merchant.Api", "src\Ozone.Services.Merchant.Api\Ozone.Services.Merchant.Api.csproj", "{4F652419-C126-46D7-89F9-171B9C13D7CB}"
EndProject
Project("{9A19103F-16F7-4668-BE54-9A1E7A4F7556}") = "Ozone.Services.Merchant.Application", "src\Ozone.Services.Merchant.Application\Ozone.Services.Merchant.Application.csproj", "{A1225BD4-A20C-4B64-91A0-B97630D15F9F}"
EndProject
Project("{9A19103F-16F7-4668-BE54-9A1E7A4F7556}") = "Ozone.Services.Merchant.Core", "src\Ozone.Services.Merchant.Core\Ozone.Services.Merchant.Core.csproj", "{8D932BDA-A32D-4362-9BD0-33384406F67B}"
EndProject
Project("{9A19103F-16F7-4668-BE54-9A1E7A4F7556}") = "Ozone.Services.Merchant.Infrastructure", "src\Ozone.Services.Merchant.Infrastructure\Ozone.Services.Merchant.Infrastructure.csproj", "{11B4EE1E-A29D-4CEC-A8D8-33E4A0B92020}"
EndProject
Global
	GlobalSection(SolutionConfigurationPlatforms) = preSolution
		Debug|Any CPU = Debug|Any CPU
		Debug|x64 = Debug|x64
		Debug|x86 = Debug|x86
		Release|Any CPU = Release|Any CPU
		Release|x64 = Release|x64
		Release|x86 = Release|x86
	EndGlobalSection
	GlobalSection(ProjectConfigurationPlatforms) = postSolution
		{4F652419-C126-46D7-89F9-171B9C13D7CB}.Debug|Any CPU.ActiveCfg = Debug|Any CPU
		{4F652419-C126-46D7-89F9-171B9C13D7CB}.Debug|Any CPU.Build.0 = Debug|Any CPU
		{4F652419-C126-46D7-89F9-171B9C13D7CB}.Debug|x64.ActiveCfg = Debug|Any CPU
		{4F652419-C126-46D7-89F9-171B9C13D7CB}.Debug|x64.Build.0 = Debug|Any CPU
		{4F652419-C126-46D7-89F9-171B9C13D7CB}.Debug|x86.ActiveCfg = Debug|Any CPU
		{4F652419-C126-46D7-89F9-171B9C13D7CB}.Debug|x86.Build.0 = Debug|Any CPU
		{4F652419-C126-46D7-89F9-171B9C13D7CB}.Release|Any CPU.ActiveCfg = Release|Any CPU
		{4F652419-C126-46D7-89F9-171B9C13D7CB}.Release|Any CPU.Build.0 = Release|Any CPU
		{4F652419-C126-46D7-89F9-171B9C13D7CB}.Release|x64.ActiveCfg = Release|Any CPU
		{4F652419-C126-46D7-89F9-171B9C13D7CB}.Release|x64.Build.0 = Release|Any CPU
		{4F652419-C126-46D7-89F9-171B9C13D7CB}.Release|x86.ActiveCfg = Release|Any CPU
		{4F652419-C126-46D7-89F9-171B9C13D7CB}.Release|x86.Build.0 = Release|Any CPU
		{A1225BD4-A20C-4B64-91A0-B97630D15F9F}.Debug|Any CPU.ActiveCfg = Debug|Any CPU
		{A1225BD4-A20C-4B64-91A0-B97630D15F9F}.Debug|Any CPU.Build.0 = Debug|Any CPU
		{A1225BD4-A20C-4B64-91A0-B97630D15F9F}.Debug|x64.ActiveCfg = Debug|Any CPU
		{A1225BD4-A20C-4B64-91A0-B97630D15F9F}.Debug|x64.Build.0 = Debug|Any CPU
		{A1225BD4-A20C-4B64-91A0-B97630D15F9F}.Debug|x86.ActiveCfg = Debug|Any CPU
		{A1225BD4-A20C-4B64-91A0-B97630D15F9F}.Debug|x86.Build.0 = Debug|Any CPU
		{A1225BD4-A20C-4B64-91A0-B97630D15F9F}.Release|Any CPU.ActiveCfg = Release|Any CPU
		{A1225BD4-A20C-4B64-91A0-B97630D15F9F}.Release|Any CPU.Build.0 = Release|Any CPU
		{A1225BD4-A20C-4B64-91A0-B97630D15F9F}.Release|x64.ActiveCfg = Release|Any CPU
		{A1225BD4-A20C-4B64-91A0-B97630D15F9F}.Release|x64.Build.0 = Release|Any CPU
		{A1225BD4-A20C-4B64-91A0-B97630D15F9F}.Release|x86.ActiveCfg = Release|Any CPU
		{A1225BD4-A20C-4B64-91A0-B97630D15F9F}.Release|x86.Build.0 = Release|Any CPU
		{8D932BDA-A32D-4362-9BD0-33384406F67B}.Debug|Any CPU.ActiveCfg = Debug|Any CPU
		{8D932BDA-A32D-4362-9BD0-33384406F67B}.Debug|Any CPU.Build.0 = Debug|Any CPU
		{8D932BDA-A32D-4362-9BD0-33384406F67B}.Debug|x64.ActiveCfg = Debug|Any CPU
		{8D932BDA-A32D-4362-9BD0-33384406F67B}.Debug|x64.Build.0 = Debug|Any CPU
		{8D932BDA-A32D-4362-9BD0-33384406F67B}.Debug|x86.ActiveCfg = Debug|Any CPU
		{8D932BDA-A32D-4362-9BD0-33384406F67B}.Debug|x86.Build.0 = Debug|Any CPU
		{8D932BDA-A32D-4362-9BD0-33384406F67B}.Release|Any CPU.ActiveCfg = Release|Any CPU
		{8D932BDA-A32D-4362-9BD0-33384406F67B}.Release|Any CPU.Build.0 = Release|Any CPU
		{8D932BDA-A32D-4362-9BD0-33384406F67B}.Release|x64.ActiveCfg = Release|Any CPU
		{8D932BDA-A32D-4362-9BD0-33384406F67B}.Release|x64.Build.0 = Release|Any CPU
		{8D932BDA-A32D-4362-9BD0-33384406F67B}.Release|x86.ActiveCfg = Release|Any CPU
		{8D932BDA-A32D-4362-9BD0-33384406F67B}.Release|x86.Build.0 = Release|Any CPU
		{11B4EE1E-A29D-4CEC-A8D8-33E4A0B92020}.Debug|Any CPU.ActiveCfg = Debug|Any CPU
		{11B4EE1E-A29D-4CEC-A8D8-33E4A0B92020}.Debug|Any CPU.Build.0 = Debug|Any CPU
		{11B4EE1E-A29D-4CEC-A8D8-33E4A0B92020}.Debug|x64.ActiveCfg = Debug|Any CPU
		{11B4EE1E-A29D-4CEC-A8D8-33E4A0B92020}.Debug|x64.Build.0 = Debug|Any CPU
		{11B4EE1E-A29D-4CEC-A8D8-33E4A0B92020}.Debug|x86.ActiveCfg = Debug|Any CPU
		{11B4EE1E-A29D-4CEC-A8D8-33E4A0B92020}.Debug|x86.Build.0 = Debug|Any CPU
		{11B4EE1E-A29D-4CEC-A8D8-33E4A0B92020}.Release|Any CPU.ActiveCfg = Release|Any CPU
		{11B4EE1E-A29D-4CEC-A8D8-33E4A0B92020}.Release|Any CPU.Build.0 = Release|Any CPU
		{11B4EE1E-A29D-4CEC-A8D8-33E4A0B92020}.Release|x64.ActiveCfg = Release|Any CPU
		{11B4EE1E-A29D-4CEC-A8D8-33E4A0B92020}.Release|x64.Build.0 = Release|Any CPU
		{11B4EE1E-A29D-4CEC-A8D8-33E4A0B92020}.Release|x86.ActiveCfg = Release|Any CPU
		{11B4EE1E-A29D-4CEC-A8D8-33E4A0B92020}.Release|x86.Build.0 = Release|Any CPU
	EndGlobalSection
	GlobalSection(SolutionProperties) = preSolution
		HideSolutionNode = FALSE
	EndGlobalSection
	GlobalSection(NestedProjects) = preSolution
		{3719EF28-A857-4F40-B4A1-308CF5162573} = {381D302A-7E59-41ED-93BF-0838F1C703AB}
		{F8224C31-0AD3-4DD2-8BE1-18178A092B60} = {381D302A-7E59-41ED-93BF-0838F1C703AB}
		{4F652419-C126-46D7-89F9-171B9C13D7CB} = {3719EF28-A857-4F40-B4A1-308CF5162573}
		{A1225BD4-A20C-4B64-91A0-B97630D15F9F} = {3719EF28-A857-4F40-B4A1-308CF5162573}
		{8D932BDA-A32D-4362-9BD0-33384406F67B} = {3719EF28-A857-4F40-B4A1-308CF5162573}
		{11B4EE1E-A29D-4CEC-A8D8-33E4A0B92020} = {3719EF28-A857-4F40-B4A1-308CF5162573}
	EndGlobalSection
	GlobalSection(ExtensibilityGlobals) = postSolution
		SolutionGuid = {AE20B2A3-7F47-4D64-8309-54FBB0FF20FF}
	EndGlobalSection
EndGlobal
